// !$*UTF8*$!
{
	archiveVersion = 1;
	classes = {
	};
	objectVersion = 46;
	objects = {

/* Begin PBXBuildFile section */
		F626C7771AD3CDF600BE082E /* LocalAuthentication.framework in Frameworks */ = {isa = PBXBuildFile; fileRef = F626C7761AD3CDF600BE082E /* LocalAuthentication.framework */; };
		F631FFF41ACC399A0099F051 /* AlertSetsView.swift in Sources */ = {isa = PBXBuildFile; fileRef = F631FFF31ACC399A0099F051 /* AlertSetsView.swift */; };
		F63576BD1A9F234700B71A0A /* AppDelegate.swift in Sources */ = {isa = PBXBuildFile; fileRef = F63576BC1A9F234700B71A0A /* AppDelegate.swift */; };
		F63576BF1A9F234700B71A0A /* NavigationController.swift in Sources */ = {isa = PBXBuildFile; fileRef = F63576BE1A9F234700B71A0A /* NavigationController.swift */; };
		F63576C21A9F234700B71A0A /* Main.storyboard in Resources */ = {isa = PBXBuildFile; fileRef = F63576C01A9F234700B71A0A /* Main.storyboard */; };
		F63576C41A9F234700B71A0A /* Images.xcassets in Resources */ = {isa = PBXBuildFile; fileRef = F63576C31A9F234700B71A0A /* Images.xcassets */; };
		F63576C71A9F234700B71A0A /* LaunchScreen.xib in Resources */ = {isa = PBXBuildFile; fileRef = F63576C51A9F234700B71A0A /* LaunchScreen.xib */; };
		F63576D31A9F234800B71A0A /* iTrainingTests.swift in Sources */ = {isa = PBXBuildFile; fileRef = F63576D21A9F234800B71A0A /* iTrainingTests.swift */; };
		F63F06221AC4716C00A14266 /* DataManager.swift in Sources */ = {isa = PBXBuildFile; fileRef = F63F06211AC4716C00A14266 /* DataManager.swift */; };
		F63F06241AC4752700A14266 /* DataContainer.swift in Sources */ = {isa = PBXBuildFile; fileRef = F63F06231AC4752700A14266 /* DataContainer.swift */; };
		F63F06261AC4753600A14266 /* ConfigDataProvider.swift in Sources */ = {isa = PBXBuildFile; fileRef = F63F06251AC4753600A14266 /* ConfigDataProvider.swift */; };
		F64642341AC5606900542604 /* BaseCell.swift in Sources */ = {isa = PBXBuildFile; fileRef = F64642331AC5606900542604 /* BaseCell.swift */; };
		F646637C1AA0818400837D8C /* ScreenManager.swift in Sources */ = {isa = PBXBuildFile; fileRef = F646637B1AA0818400837D8C /* ScreenManager.swift */; };
		F64729511AC16EE500383D63 /* JASidePanelController.m in Sources */ = {isa = PBXBuildFile; fileRef = F647294E1AC16EE500383D63 /* JASidePanelController.m */; };
		F64729521AC16EE500383D63 /* UIViewController+JASidePanel.m in Sources */ = {isa = PBXBuildFile; fileRef = F64729501AC16EE500383D63 /* UIViewController+JASidePanel.m */; };
		F64729541AC174E300383D63 /* SettingController.swift in Sources */ = {isa = PBXBuildFile; fileRef = F64729531AC174E300383D63 /* SettingController.swift */; };
		F64729561AC175CE00383D63 /* NavigationPanelController.swift in Sources */ = {isa = PBXBuildFile; fileRef = F64729551AC175CE00383D63 /* NavigationPanelController.swift */; };
		F64729591AC1B73000383D63 /* TrainingListCell.swift in Sources */ = {isa = PBXBuildFile; fileRef = F64729581AC1B73000383D63 /* TrainingListCell.swift */; };
		F647295C1AC1C23200383D63 /* dots-hor.png in Resources */ = {isa = PBXBuildFile; fileRef = F647295A1AC1C23200383D63 /* dots-hor.png */; };
		F647295D1AC1C23200383D63 /* dots-hor@2x.png in Resources */ = {isa = PBXBuildFile; fileRef = F647295B1AC1C23200383D63 /* dots-hor@2x.png */; };
		F64729601AC1C8E800383D63 /* dots-hor_red@2x.png in Resources */ = {isa = PBXBuildFile; fileRef = F647295E1AC1C8E800383D63 /* dots-hor_red@2x.png */; };
		F64729611AC1C8E800383D63 /* dots-hor_red.png in Resources */ = {isa = PBXBuildFile; fileRef = F647295F1AC1C8E800383D63 /* dots-hor_red.png */; };
		F64729641AC1CB0E00383D63 /* ContextMenuView.swift in Sources */ = {isa = PBXBuildFile; fileRef = F64729631AC1CB0E00383D63 /* ContextMenuView.swift */; };
		F64729661AC2CD2300383D63 /* AlertSelectDateView.swift in Sources */ = {isa = PBXBuildFile; fileRef = F64729651AC2CD2300383D63 /* AlertSelectDateView.swift */; };
		F64729681AC2F0F400383D63 /* AKUIView+Extensions.swift in Sources */ = {isa = PBXBuildFile; fileRef = F64729671AC2F0F400383D63 /* AKUIView+Extensions.swift */; };
		F65E16BD1AC41EC30058D4A9 /* TrainingGroupController.swift in Sources */ = {isa = PBXBuildFile; fileRef = F65E16BC1AC41EC30058D4A9 /* TrainingGroupController.swift */; };
		F65E16BF1AC41ED90058D4A9 /* TrainingGroupCell.swift in Sources */ = {isa = PBXBuildFile; fileRef = F65E16BE1AC41ED90058D4A9 /* TrainingGroupCell.swift */; };
		F65E16C21AC4419A0058D4A9 /* ExerciseListCell.swift in Sources */ = {isa = PBXBuildFile; fileRef = F65E16C11AC4419A0058D4A9 /* ExerciseListCell.swift */; };
		F65E16C41AC441B80058D4A9 /* ExerciseListController.swift in Sources */ = {isa = PBXBuildFile; fileRef = F65E16C31AC441B80058D4A9 /* ExerciseListController.swift */; };
		F65E16F81AC448240058D4A9 /* iTraining.xcdatamodeld in Sources */ = {isa = PBXBuildFile; fileRef = F65E16F61AC448240058D4A9 /* iTraining.xcdatamodeld */; };
		F65E16FE1AC46A390058D4A9 /* TrainingGroupItem.swift in Sources */ = {isa = PBXBuildFile; fileRef = F65E16FD1AC46A390058D4A9 /* TrainingGroupItem.swift */; };
		F65E17001AC46A5A0058D4A9 /* TrainingItem.swift in Sources */ = {isa = PBXBuildFile; fileRef = F65E16FF1AC46A5A0058D4A9 /* TrainingItem.swift */; };
		F65E17021AC46AAD0058D4A9 /* ExerciseItem.swift in Sources */ = {isa = PBXBuildFile; fileRef = F65E17011AC46AAD0058D4A9 /* ExerciseItem.swift */; };
		F65E17041AC46ACC0058D4A9 /* SetsItem.swift in Sources */ = {isa = PBXBuildFile; fileRef = F65E17031AC46ACC0058D4A9 /* SetsItem.swift */; };
		F67C63381ACAEBD5006873BF /* BaseContextView.swift in Sources */ = {isa = PBXBuildFile; fileRef = F67C63371ACAEBD5006873BF /* BaseContextView.swift */; };
		F67C633A1ACAFE91006873BF /* AlertSelectBreakTime.swift in Sources */ = {isa = PBXBuildFile; fileRef = F67C63391ACAFE91006873BF /* AlertSelectBreakTime.swift */; };
		F6D6595F1ACACA6D0041FD09 /* ExerciseController.swift in Sources */ = {isa = PBXBuildFile; fileRef = F6D6595E1ACACA6D0041FD09 /* ExerciseController.swift */; };
		F6D659611ACACA970041FD09 /* SetsController.swift in Sources */ = {isa = PBXBuildFile; fileRef = F6D659601ACACA970041FD09 /* SetsController.swift */; };
		F6D659631ACACAED0041FD09 /* SetsCell.swift in Sources */ = {isa = PBXBuildFile; fileRef = F6D659621ACACAED0041FD09 /* SetsCell.swift */; };
		F6DCD0831AC987C300E94E96 /* BaseItem.swift in Sources */ = {isa = PBXBuildFile; fileRef = F6DCD0821AC987C300E94E96 /* BaseItem.swift */; };
		F6DCD0851AC98B3100E94E96 /* ExerciseTitle.swift in Sources */ = {isa = PBXBuildFile; fileRef = F6DCD0841AC98B3100E94E96 /* ExerciseTitle.swift */; };
		F6DCD0871AC99A6F00E94E96 /* ExerciseTitleCell.swift in Sources */ = {isa = PBXBuildFile; fileRef = F6DCD0861AC99A6F00E94E96 /* ExerciseTitleCell.swift */; };
		F6DE2A821AA88D2E006C8103 /* EnumsData.swift in Sources */ = {isa = PBXBuildFile; fileRef = F6DE2A811AA88D2E006C8103 /* EnumsData.swift */; };
		F6DE2A851AA88E37006C8103 /* ConstData.swift in Sources */ = {isa = PBXBuildFile; fileRef = F6DE2A841AA88E37006C8103 /* ConstData.swift */; };
		F6DE2A871AA88E7E006C8103 /* Utils.swift in Sources */ = {isa = PBXBuildFile; fileRef = F6DE2A861AA88E7E006C8103 /* Utils.swift */; };
		F6DE2A891AA88ED1006C8103 /* AlertView.swift in Sources */ = {isa = PBXBuildFile; fileRef = F6DE2A881AA88ED1006C8103 /* AlertView.swift */; };
		F6DE2A8B1AA8A212006C8103 /* Localizable.strings in Resources */ = {isa = PBXBuildFile; fileRef = F6DE2A8A1AA8A212006C8103 /* Localizable.strings */; };
		F6DE2A8D1AA8C1D9006C8103 /* MainViewController.swift in Sources */ = {isa = PBXBuildFile; fileRef = F6DE2A8C1AA8C1D9006C8103 /* MainViewController.swift */; };
		F6DE2A911AA9C048006C8103 /* BaseViewController.swift in Sources */ = {isa = PBXBuildFile; fileRef = F6DE2A901AA9C048006C8103 /* BaseViewController.swift */; };
		F6DE2A961AAA0DA5006C8103 /* grayBackground.png in Resources */ = {isa = PBXBuildFile; fileRef = F6DE2A951AAA0DA5006C8103 /* grayBackground.png */; };
		F6E684F51AC31F5400568ABF /* AlertNameView.swift in Sources */ = {isa = PBXBuildFile; fileRef = F6E684F41AC31F5400568ABF /* AlertNameView.swift */; };
		F6E684F71AC40FF800568ABF /* AKKeyboardNotification.swift in Sources */ = {isa = PBXBuildFile; fileRef = F6E684F61AC40FF800568ABF /* AKKeyboardNotification.swift */; };
		F6FCDE0D1AC06FAD006FF632 /* TrainingListController.swift in Sources */ = {isa = PBXBuildFile; fileRef = F6FCDE0C1AC06FAD006FF632 /* TrainingListController.swift */; };
/* End PBXBuildFile section */

/* Begin PBXContainerItemProxy section */
		F63576CD1A9F234800B71A0A /* PBXContainerItemProxy */ = {
			isa = PBXContainerItemProxy;
			containerPortal = F63576AF1A9F234700B71A0A /* Project object */;
			proxyType = 1;
			remoteGlobalIDString = F63576B61A9F234700B71A0A;
			remoteInfo = iTraining;
		};
/* End PBXContainerItemProxy section */

/* Begin PBXFileReference section */
		F626C7761AD3CDF600BE082E /* LocalAuthentication.framework */ = {isa = PBXFileReference; lastKnownFileType = wrapper.framework; name = LocalAuthentication.framework; path = System/Library/Frameworks/LocalAuthentication.framework; sourceTree = SDKROOT; };
		F631FFF31ACC399A0099F051 /* AlertSetsView.swift */ = {isa = PBXFileReference; fileEncoding = 4; lastKnownFileType = sourcecode.swift; path = AlertSetsView.swift; sourceTree = "<group>"; };
		F63576B71A9F234700B71A0A /* iTraining.app */ = {isa = PBXFileReference; explicitFileType = wrapper.application; includeInIndex = 0; path = iTraining.app; sourceTree = BUILT_PRODUCTS_DIR; };
		F63576BB1A9F234700B71A0A /* Info.plist */ = {isa = PBXFileReference; lastKnownFileType = text.plist.xml; path = Info.plist; sourceTree = "<group>"; };
		F63576BC1A9F234700B71A0A /* AppDelegate.swift */ = {isa = PBXFileReference; lastKnownFileType = sourcecode.swift; path = AppDelegate.swift; sourceTree = "<group>"; };
		F63576BE1A9F234700B71A0A /* NavigationController.swift */ = {isa = PBXFileReference; lastKnownFileType = sourcecode.swift; path = NavigationController.swift; sourceTree = "<group>"; };
		F63576C11A9F234700B71A0A /* Base */ = {isa = PBXFileReference; lastKnownFileType = file.storyboard; name = Base; path = Base.lproj/Main.storyboard; sourceTree = "<group>"; };
		F63576C31A9F234700B71A0A /* Images.xcassets */ = {isa = PBXFileReference; lastKnownFileType = folder.assetcatalog; path = Images.xcassets; sourceTree = "<group>"; };
		F63576C61A9F234700B71A0A /* Base */ = {isa = PBXFileReference; lastKnownFileType = file.xib; name = Base; path = Base.lproj/LaunchScreen.xib; sourceTree = "<group>"; };
		F63576CC1A9F234800B71A0A /* iTrainingTests.xctest */ = {isa = PBXFileReference; explicitFileType = wrapper.cfbundle; includeInIndex = 0; path = iTrainingTests.xctest; sourceTree = BUILT_PRODUCTS_DIR; };
		F63576D11A9F234800B71A0A /* Info.plist */ = {isa = PBXFileReference; lastKnownFileType = text.plist.xml; path = Info.plist; sourceTree = "<group>"; };
		F63576D21A9F234800B71A0A /* iTrainingTests.swift */ = {isa = PBXFileReference; lastKnownFileType = sourcecode.swift; path = iTrainingTests.swift; sourceTree = "<group>"; };
		F63576DC1A9F2B8A00B71A0A /* MyPlayground.playground */ = {isa = PBXFileReference; lastKnownFileType = file.playground; path = MyPlayground.playground; sourceTree = "<group>"; };
		F63F06211AC4716C00A14266 /* DataManager.swift */ = {isa = PBXFileReference; fileEncoding = 4; lastKnownFileType = sourcecode.swift; path = DataManager.swift; sourceTree = "<group>"; };
		F63F06231AC4752700A14266 /* DataContainer.swift */ = {isa = PBXFileReference; fileEncoding = 4; lastKnownFileType = sourcecode.swift; path = DataContainer.swift; sourceTree = "<group>"; };
		F63F06251AC4753600A14266 /* ConfigDataProvider.swift */ = {isa = PBXFileReference; fileEncoding = 4; lastKnownFileType = sourcecode.swift; path = ConfigDataProvider.swift; sourceTree = "<group>"; };
		F64642331AC5606900542604 /* BaseCell.swift */ = {isa = PBXFileReference; fileEncoding = 4; lastKnownFileType = sourcecode.swift; path = BaseCell.swift; sourceTree = "<group>"; };
		F646637B1AA0818400837D8C /* ScreenManager.swift */ = {isa = PBXFileReference; fileEncoding = 4; lastKnownFileType = sourcecode.swift; path = ScreenManager.swift; sourceTree = "<group>"; };
		F647294C1AC16EE400383D63 /* iTraining-Bridging-Header.h */ = {isa = PBXFileReference; lastKnownFileType = sourcecode.c.h; path = "iTraining-Bridging-Header.h"; sourceTree = "<group>"; };
		F647294D1AC16EE500383D63 /* JASidePanelController.h */ = {isa = PBXFileReference; fileEncoding = 4; lastKnownFileType = sourcecode.c.h; path = JASidePanelController.h; sourceTree = "<group>"; };
		F647294E1AC16EE500383D63 /* JASidePanelController.m */ = {isa = PBXFileReference; fileEncoding = 4; lastKnownFileType = sourcecode.c.objc; path = JASidePanelController.m; sourceTree = "<group>"; };
		F647294F1AC16EE500383D63 /* UIViewController+JASidePanel.h */ = {isa = PBXFileReference; fileEncoding = 4; lastKnownFileType = sourcecode.c.h; path = "UIViewController+JASidePanel.h"; sourceTree = "<group>"; };
		F64729501AC16EE500383D63 /* UIViewController+JASidePanel.m */ = {isa = PBXFileReference; fileEncoding = 4; lastKnownFileType = sourcecode.c.objc; path = "UIViewController+JASidePanel.m"; sourceTree = "<group>"; };
		F64729531AC174E300383D63 /* SettingController.swift */ = {isa = PBXFileReference; fileEncoding = 4; lastKnownFileType = sourcecode.swift; path = SettingController.swift; sourceTree = "<group>"; };
		F64729551AC175CE00383D63 /* NavigationPanelController.swift */ = {isa = PBXFileReference; fileEncoding = 4; lastKnownFileType = sourcecode.swift; path = NavigationPanelController.swift; sourceTree = "<group>"; };
		F64729581AC1B73000383D63 /* TrainingListCell.swift */ = {isa = PBXFileReference; fileEncoding = 4; lastKnownFileType = sourcecode.swift; path = TrainingListCell.swift; sourceTree = "<group>"; };
		F647295A1AC1C23200383D63 /* dots-hor.png */ = {isa = PBXFileReference; lastKnownFileType = image.png; path = "dots-hor.png"; sourceTree = "<group>"; };
		F647295B1AC1C23200383D63 /* dots-hor@2x.png */ = {isa = PBXFileReference; lastKnownFileType = image.png; path = "dots-hor@2x.png"; sourceTree = "<group>"; };
		F647295E1AC1C8E800383D63 /* dots-hor_red@2x.png */ = {isa = PBXFileReference; lastKnownFileType = image.png; path = "dots-hor_red@2x.png"; sourceTree = "<group>"; };
		F647295F1AC1C8E800383D63 /* dots-hor_red.png */ = {isa = PBXFileReference; lastKnownFileType = image.png; path = "dots-hor_red.png"; sourceTree = "<group>"; };
		F64729631AC1CB0E00383D63 /* ContextMenuView.swift */ = {isa = PBXFileReference; fileEncoding = 4; lastKnownFileType = sourcecode.swift; path = ContextMenuView.swift; sourceTree = "<group>"; };
		F64729651AC2CD2300383D63 /* AlertSelectDateView.swift */ = {isa = PBXFileReference; fileEncoding = 4; lastKnownFileType = sourcecode.swift; path = AlertSelectDateView.swift; sourceTree = "<group>"; };
		F64729671AC2F0F400383D63 /* AKUIView+Extensions.swift */ = {isa = PBXFileReference; fileEncoding = 4; lastKnownFileType = sourcecode.swift; path = "AKUIView+Extensions.swift"; sourceTree = "<group>"; };
		F65E16BC1AC41EC30058D4A9 /* TrainingGroupController.swift */ = {isa = PBXFileReference; fileEncoding = 4; lastKnownFileType = sourcecode.swift; path = TrainingGroupController.swift; sourceTree = "<group>"; };
		F65E16BE1AC41ED90058D4A9 /* TrainingGroupCell.swift */ = {isa = PBXFileReference; fileEncoding = 4; lastKnownFileType = sourcecode.swift; path = TrainingGroupCell.swift; sourceTree = "<group>"; };
		F65E16C11AC4419A0058D4A9 /* ExerciseListCell.swift */ = {isa = PBXFileReference; fileEncoding = 4; lastKnownFileType = sourcecode.swift; path = ExerciseListCell.swift; sourceTree = "<group>"; };
		F65E16C31AC441B80058D4A9 /* ExerciseListController.swift */ = {isa = PBXFileReference; fileEncoding = 4; lastKnownFileType = sourcecode.swift; path = ExerciseListController.swift; sourceTree = "<group>"; };
		F65E16F71AC448240058D4A9 /* iTraining.xcdatamodel */ = {isa = PBXFileReference; lastKnownFileType = wrapper.xcdatamodel; path = iTraining.xcdatamodel; sourceTree = "<group>"; };
		F65E16FD1AC46A390058D4A9 /* TrainingGroupItem.swift */ = {isa = PBXFileReference; fileEncoding = 4; lastKnownFileType = sourcecode.swift; path = TrainingGroupItem.swift; sourceTree = "<group>"; };
		F65E16FF1AC46A5A0058D4A9 /* TrainingItem.swift */ = {isa = PBXFileReference; fileEncoding = 4; lastKnownFileType = sourcecode.swift; path = TrainingItem.swift; sourceTree = "<group>"; };
		F65E17011AC46AAD0058D4A9 /* ExerciseItem.swift */ = {isa = PBXFileReference; fileEncoding = 4; lastKnownFileType = sourcecode.swift; path = ExerciseItem.swift; sourceTree = "<group>"; };
		F65E17031AC46ACC0058D4A9 /* SetsItem.swift */ = {isa = PBXFileReference; fileEncoding = 4; lastKnownFileType = sourcecode.swift; path = SetsItem.swift; sourceTree = "<group>"; };
		F67C63371ACAEBD5006873BF /* BaseContextView.swift */ = {isa = PBXFileReference; fileEncoding = 4; lastKnownFileType = sourcecode.swift; path = BaseContextView.swift; sourceTree = "<group>"; };
		F67C63391ACAFE91006873BF /* AlertSelectBreakTime.swift */ = {isa = PBXFileReference; fileEncoding = 4; lastKnownFileType = sourcecode.swift; path = AlertSelectBreakTime.swift; sourceTree = "<group>"; };
		F6D6595E1ACACA6D0041FD09 /* ExerciseController.swift */ = {isa = PBXFileReference; fileEncoding = 4; lastKnownFileType = sourcecode.swift; path = ExerciseController.swift; sourceTree = "<group>"; };
		F6D659601ACACA970041FD09 /* SetsController.swift */ = {isa = PBXFileReference; fileEncoding = 4; lastKnownFileType = sourcecode.swift; path = SetsController.swift; sourceTree = "<group>"; };
		F6D659621ACACAED0041FD09 /* SetsCell.swift */ = {isa = PBXFileReference; fileEncoding = 4; lastKnownFileType = sourcecode.swift; path = SetsCell.swift; sourceTree = "<group>"; };
		F6DCD0821AC987C300E94E96 /* BaseItem.swift */ = {isa = PBXFileReference; fileEncoding = 4; lastKnownFileType = sourcecode.swift; path = BaseItem.swift; sourceTree = "<group>"; };
		F6DCD0841AC98B3100E94E96 /* ExerciseTitle.swift */ = {isa = PBXFileReference; fileEncoding = 4; lastKnownFileType = sourcecode.swift; path = ExerciseTitle.swift; sourceTree = "<group>"; };
		F6DCD0861AC99A6F00E94E96 /* ExerciseTitleCell.swift */ = {isa = PBXFileReference; fileEncoding = 4; lastKnownFileType = sourcecode.swift; path = ExerciseTitleCell.swift; sourceTree = "<group>"; };
		F6DE2A811AA88D2E006C8103 /* EnumsData.swift */ = {isa = PBXFileReference; fileEncoding = 4; lastKnownFileType = sourcecode.swift; path = EnumsData.swift; sourceTree = "<group>"; };
		F6DE2A841AA88E37006C8103 /* ConstData.swift */ = {isa = PBXFileReference; fileEncoding = 4; lastKnownFileType = sourcecode.swift; path = ConstData.swift; sourceTree = "<group>"; };
		F6DE2A861AA88E7E006C8103 /* Utils.swift */ = {isa = PBXFileReference; fileEncoding = 4; lastKnownFileType = sourcecode.swift; path = Utils.swift; sourceTree = "<group>"; };
		F6DE2A881AA88ED1006C8103 /* AlertView.swift */ = {isa = PBXFileReference; fileEncoding = 4; lastKnownFileType = sourcecode.swift; path = AlertView.swift; sourceTree = "<group>"; };
		F6DE2A8A1AA8A212006C8103 /* Localizable.strings */ = {isa = PBXFileReference; fileEncoding = 4; lastKnownFileType = text.plist.strings; path = Localizable.strings; sourceTree = "<group>"; };
		F6DE2A8C1AA8C1D9006C8103 /* MainViewController.swift */ = {isa = PBXFileReference; fileEncoding = 4; lastKnownFileType = sourcecode.swift; path = MainViewController.swift; sourceTree = "<group>"; };
		F6DE2A901AA9C048006C8103 /* BaseViewController.swift */ = {isa = PBXFileReference; fileEncoding = 4; lastKnownFileType = sourcecode.swift; path = BaseViewController.swift; sourceTree = "<group>"; };
		F6DE2A951AAA0DA5006C8103 /* grayBackground.png */ = {isa = PBXFileReference; lastKnownFileType = image.png; path = grayBackground.png; sourceTree = "<group>"; };
		F6E684F41AC31F5400568ABF /* AlertNameView.swift */ = {isa = PBXFileReference; fileEncoding = 4; lastKnownFileType = sourcecode.swift; path = AlertNameView.swift; sourceTree = "<group>"; };
		F6E684F61AC40FF800568ABF /* AKKeyboardNotification.swift */ = {isa = PBXFileReference; fileEncoding = 4; lastKnownFileType = sourcecode.swift; path = AKKeyboardNotification.swift; sourceTree = "<group>"; };
		F6FCDE0C1AC06FAD006FF632 /* TrainingListController.swift */ = {isa = PBXFileReference; fileEncoding = 4; lastKnownFileType = sourcecode.swift; path = TrainingListController.swift; sourceTree = "<group>"; };
/* End PBXFileReference section */

/* Begin PBXFrameworksBuildPhase section */
		F63576B41A9F234700B71A0A /* Frameworks */ = {
			isa = PBXFrameworksBuildPhase;
			buildActionMask = 2147483647;
			files = (
				F626C7771AD3CDF600BE082E /* LocalAuthentication.framework in Frameworks */,
			);
			runOnlyForDeploymentPostprocessing = 0;
		};
		F63576C91A9F234800B71A0A /* Frameworks */ = {
			isa = PBXFrameworksBuildPhase;
			buildActionMask = 2147483647;
			files = (
			);
			runOnlyForDeploymentPostprocessing = 0;
		};
/* End PBXFrameworksBuildPhase section */

/* Begin PBXGroup section */
		F63576AE1A9F234700B71A0A = {
			isa = PBXGroup;
			children = (
				F626C7761AD3CDF600BE082E /* LocalAuthentication.framework */,
				F63576B91A9F234700B71A0A /* iTraining */,
				F63576CF1A9F234800B71A0A /* iTrainingTests */,
				F63576B81A9F234700B71A0A /* Products */,
			);
			sourceTree = "<group>";
		};
		F63576B81A9F234700B71A0A /* Products */ = {
			isa = PBXGroup;
			children = (
				F63576B71A9F234700B71A0A /* iTraining.app */,
				F63576CC1A9F234800B71A0A /* iTrainingTests.xctest */,
			);
			name = Products;
			sourceTree = "<group>";
		};
		F63576B91A9F234700B71A0A /* iTraining */ = {
			isa = PBXGroup;
			children = (
				F65E16F91AC448FD0058D4A9 /* Core Data Objects */,
				F647294A1AC16E6F00383D63 /* Controls */,
				F6DE2A8F1AA8C232006C8103 /* Screens */,
				F6DE2A8E1AA8C1FB006C8103 /* Main Module */,
				F6DE2A831AA88D5C006C8103 /* Utils */,
				F647294C1AC16EE400383D63 /* iTraining-Bridging-Header.h */,
				F63576BC1A9F234700B71A0A /* AppDelegate.swift */,
				F63576C01A9F234700B71A0A /* Main.storyboard */,
				F63576C31A9F234700B71A0A /* Images.xcassets */,
				F63576C51A9F234700B71A0A /* LaunchScreen.xib */,
				F6DE2A931AAA0DA5006C8103 /* resources */,
				F63576BA1A9F234700B71A0A /* Supporting Files */,
				F63576DC1A9F2B8A00B71A0A /* MyPlayground.playground */,
				F65E16F61AC448240058D4A9 /* iTraining.xcdatamodeld */,
			);
			path = iTraining;
			sourceTree = "<group>";
		};
		F63576BA1A9F234700B71A0A /* Supporting Files */ = {
			isa = PBXGroup;
			children = (
				F63576BB1A9F234700B71A0A /* Info.plist */,
				F6DE2A8A1AA8A212006C8103 /* Localizable.strings */,
			);
			name = "Supporting Files";
			sourceTree = "<group>";
		};
		F63576CF1A9F234800B71A0A /* iTrainingTests */ = {
			isa = PBXGroup;
			children = (
				F63576D21A9F234800B71A0A /* iTrainingTests.swift */,
				F63576D01A9F234800B71A0A /* Supporting Files */,
			);
			path = iTrainingTests;
			sourceTree = "<group>";
		};
		F63576D01A9F234800B71A0A /* Supporting Files */ = {
			isa = PBXGroup;
			children = (
				F63576D11A9F234800B71A0A /* Info.plist */,
			);
			name = "Supporting Files";
			sourceTree = "<group>";
		};
		F647294A1AC16E6F00383D63 /* Controls */ = {
			isa = PBXGroup;
			children = (
				F647294B1AC16ED000383D63 /* Side Panel */,
				F6DE2A881AA88ED1006C8103 /* AlertView.swift */,
				F64729651AC2CD2300383D63 /* AlertSelectDateView.swift */,
				F67C63371ACAEBD5006873BF /* BaseContextView.swift */,
				F6E684F41AC31F5400568ABF /* AlertNameView.swift */,
				F67C63391ACAFE91006873BF /* AlertSelectBreakTime.swift */,
				F631FFF31ACC399A0099F051 /* AlertSetsView.swift */,
				F64729631AC1CB0E00383D63 /* ContextMenuView.swift */,
			);
			name = Controls;
			sourceTree = "<group>";
		};
		F647294B1AC16ED000383D63 /* Side Panel */ = {
			isa = PBXGroup;
			children = (
				F647294D1AC16EE500383D63 /* JASidePanelController.h */,
				F647294E1AC16EE500383D63 /* JASidePanelController.m */,
				F647294F1AC16EE500383D63 /* UIViewController+JASidePanel.h */,
				F64729501AC16EE500383D63 /* UIViewController+JASidePanel.m */,
			);
			name = "Side Panel";
			sourceTree = "<group>";
		};
		F64729571AC1B6E300383D63 /* Training List */ = {
			isa = PBXGroup;
			children = (
				F6FCDE0C1AC06FAD006FF632 /* TrainingListController.swift */,
				F64729581AC1B73000383D63 /* TrainingListCell.swift */,
			);
			name = "Training List";
			sourceTree = "<group>";
		};
		F65E16BB1AC41E750058D4A9 /* Training Group */ = {
			isa = PBXGroup;
			children = (
				F65E16BC1AC41EC30058D4A9 /* TrainingGroupController.swift */,
				F65E16BE1AC41ED90058D4A9 /* TrainingGroupCell.swift */,
			);
			name = "Training Group";
			sourceTree = "<group>";
		};
		F65E16C01AC441310058D4A9 /* Exercise List */ = {
			isa = PBXGroup;
			children = (
				F65E16C31AC441B80058D4A9 /* ExerciseListController.swift */,
				F65E16C11AC4419A0058D4A9 /* ExerciseListCell.swift */,
				F6DCD0861AC99A6F00E94E96 /* ExerciseTitleCell.swift */,
			);
			name = "Exercise List";
			sourceTree = "<group>";
		};
		F65E16F91AC448FD0058D4A9 /* Core Data Objects */ = {
			isa = PBXGroup;
			children = (
				F65E16FF1AC46A5A0058D4A9 /* TrainingItem.swift */,
				F65E16FD1AC46A390058D4A9 /* TrainingGroupItem.swift */,
				F65E17011AC46AAD0058D4A9 /* ExerciseItem.swift */,
				F65E17031AC46ACC0058D4A9 /* SetsItem.swift */,
				F6DCD0821AC987C300E94E96 /* BaseItem.swift */,
				F6DCD0841AC98B3100E94E96 /* ExerciseTitle.swift */,
			);
			name = "Core Data Objects";
			sourceTree = "<group>";
		};
		F6D6595D1ACACA350041FD09 /* Exercise */ = {
			isa = PBXGroup;
			children = (
				F6D6595E1ACACA6D0041FD09 /* ExerciseController.swift */,
				F6D659601ACACA970041FD09 /* SetsController.swift */,
				F6D659621ACACAED0041FD09 /* SetsCell.swift */,
			);
			name = Exercise;
			sourceTree = "<group>";
		};
		F6DE2A831AA88D5C006C8103 /* Utils */ = {
			isa = PBXGroup;
			children = (
				F6DE2A811AA88D2E006C8103 /* EnumsData.swift */,
				F6DE2A841AA88E37006C8103 /* ConstData.swift */,
				F6DE2A861AA88E7E006C8103 /* Utils.swift */,
				F6E684F61AC40FF800568ABF /* AKKeyboardNotification.swift */,
			);
			name = Utils;
			sourceTree = "<group>";
		};
		F6DE2A8E1AA8C1FB006C8103 /* Main Module */ = {
			isa = PBXGroup;
			children = (
				F63576BE1A9F234700B71A0A /* NavigationController.swift */,
				F646637B1AA0818400837D8C /* ScreenManager.swift */,
				F6DE2A901AA9C048006C8103 /* BaseViewController.swift */,
				F64729671AC2F0F400383D63 /* AKUIView+Extensions.swift */,
				F63F06231AC4752700A14266 /* DataContainer.swift */,
				F63F06251AC4753600A14266 /* ConfigDataProvider.swift */,
				F63F06211AC4716C00A14266 /* DataManager.swift */,
				F64642331AC5606900542604 /* BaseCell.swift */,
			);
			name = "Main Module";
			sourceTree = "<group>";
		};
		F6DE2A8F1AA8C232006C8103 /* Screens */ = {
			isa = PBXGroup;
			children = (
				F64729571AC1B6E300383D63 /* Training List */,
				F65E16BB1AC41E750058D4A9 /* Training Group */,
				F65E16C01AC441310058D4A9 /* Exercise List */,
				F6D6595D1ACACA350041FD09 /* Exercise */,
				F6DE2A8C1AA8C1D9006C8103 /* MainViewController.swift */,
				F64729531AC174E300383D63 /* SettingController.swift */,
				F64729551AC175CE00383D63 /* NavigationPanelController.swift */,
			);
			name = Screens;
			sourceTree = "<group>";
		};
		F6DE2A931AAA0DA5006C8103 /* resources */ = {
			isa = PBXGroup;
			children = (
				F6DE2A941AAA0DA5006C8103 /* images */,
			);
			path = resources;
			sourceTree = "<group>";
		};
		F6DE2A941AAA0DA5006C8103 /* images */ = {
			isa = PBXGroup;
			children = (
				F647295E1AC1C8E800383D63 /* dots-hor_red@2x.png */,
				F647295F1AC1C8E800383D63 /* dots-hor_red.png */,
				F647295A1AC1C23200383D63 /* dots-hor.png */,
				F647295B1AC1C23200383D63 /* dots-hor@2x.png */,
				F6DE2A951AAA0DA5006C8103 /* grayBackground.png */,
			);
			path = images;
			sourceTree = "<group>";
		};
/* End PBXGroup section */

/* Begin PBXNativeTarget section */
		F63576B61A9F234700B71A0A /* iTraining */ = {
			isa = PBXNativeTarget;
			buildConfigurationList = F63576D61A9F234800B71A0A /* Build configuration list for PBXNativeTarget "iTraining" */;
			buildPhases = (
				F63576B31A9F234700B71A0A /* Sources */,
				F63576B41A9F234700B71A0A /* Frameworks */,
				F63576B51A9F234700B71A0A /* Resources */,
			);
			buildRules = (
			);
			dependencies = (
			);
			name = iTraining;
			productName = iTraining;
			productReference = F63576B71A9F234700B71A0A /* iTraining.app */;
			productType = "com.apple.product-type.application";
		};
		F63576CB1A9F234800B71A0A /* iTrainingTests */ = {
			isa = PBXNativeTarget;
			buildConfigurationList = F63576D91A9F234800B71A0A /* Build configuration list for PBXNativeTarget "iTrainingTests" */;
			buildPhases = (
				F63576C81A9F234800B71A0A /* Sources */,
				F63576C91A9F234800B71A0A /* Frameworks */,
				F63576CA1A9F234800B71A0A /* Resources */,
			);
			buildRules = (
			);
			dependencies = (
				F63576CE1A9F234800B71A0A /* PBXTargetDependency */,
			);
			name = iTrainingTests;
			productName = iTrainingTests;
			productReference = F63576CC1A9F234800B71A0A /* iTrainingTests.xctest */;
			productType = "com.apple.product-type.bundle.unit-test";
		};
/* End PBXNativeTarget section */

/* Begin PBXProject section */
		F63576AF1A9F234700B71A0A /* Project object */ = {
			isa = PBXProject;
			attributes = {
				LastSwiftMigration = 0700;
				LastSwiftUpdateCheck = 0700;
				LastUpgradeCheck = 1410;
				ORGANIZATIONNAME = "Andrey Kulinskiy";
				TargetAttributes = {
					F63576B61A9F234700B71A0A = {
						CreatedOnToolsVersion = 6.1.1;
						DevelopmentTeam = G55R78L3UN;
						LastSwiftMigration = 0830;
						ProvisioningStyle = Automatic;
					};
					F63576CB1A9F234800B71A0A = {
						CreatedOnToolsVersion = 6.1.1;
						LastSwiftMigration = 0830;
						TestTargetID = F63576B61A9F234700B71A0A;
					};
				};
			};
			buildConfigurationList = F63576B21A9F234700B71A0A /* Build configuration list for PBXProject "iTraining" */;
			compatibilityVersion = "Xcode 3.2";
			developmentRegion = en;
			hasScannedForEncodings = 0;
			knownRegions = (
				en,
				Base,
			);
			mainGroup = F63576AE1A9F234700B71A0A;
			productRefGroup = F63576B81A9F234700B71A0A /* Products */;
			projectDirPath = "";
			projectRoot = "";
			targets = (
				F63576B61A9F234700B71A0A /* iTraining */,
				F63576CB1A9F234800B71A0A /* iTrainingTests */,
			);
		};
/* End PBXProject section */

/* Begin PBXResourcesBuildPhase section */
		F63576B51A9F234700B71A0A /* Resources */ = {
			isa = PBXResourcesBuildPhase;
			buildActionMask = 2147483647;
			files = (
				F63576C21A9F234700B71A0A /* Main.storyboard in Resources */,
				F647295C1AC1C23200383D63 /* dots-hor.png in Resources */,
				F6DE2A961AAA0DA5006C8103 /* grayBackground.png in Resources */,
				F6DE2A8B1AA8A212006C8103 /* Localizable.strings in Resources */,
				F647295D1AC1C23200383D63 /* dots-hor@2x.png in Resources */,
				F63576C71A9F234700B71A0A /* LaunchScreen.xib in Resources */,
				F64729601AC1C8E800383D63 /* dots-hor_red@2x.png in Resources */,
				F64729611AC1C8E800383D63 /* dots-hor_red.png in Resources */,
				F63576C41A9F234700B71A0A /* Images.xcassets in Resources */,
			);
			runOnlyForDeploymentPostprocessing = 0;
		};
		F63576CA1A9F234800B71A0A /* Resources */ = {
			isa = PBXResourcesBuildPhase;
			buildActionMask = 2147483647;
			files = (
			);
			runOnlyForDeploymentPostprocessing = 0;
		};
/* End PBXResourcesBuildPhase section */

/* Begin PBXSourcesBuildPhase section */
		F63576B31A9F234700B71A0A /* Sources */ = {
			isa = PBXSourcesBuildPhase;
			buildActionMask = 2147483647;
			files = (
				F6E684F51AC31F5400568ABF /* AlertNameView.swift in Sources */,
				F63F06221AC4716C00A14266 /* DataManager.swift in Sources */,
				F65E16BD1AC41EC30058D4A9 /* TrainingGroupController.swift in Sources */,
				F64729681AC2F0F400383D63 /* AKUIView+Extensions.swift in Sources */,
				F65E16C21AC4419A0058D4A9 /* ExerciseListCell.swift in Sources */,
				F6DE2A851AA88E37006C8103 /* ConstData.swift in Sources */,
				F6E684F71AC40FF800568ABF /* AKKeyboardNotification.swift in Sources */,
				F64642341AC5606900542604 /* BaseCell.swift in Sources */,
				F6DE2A821AA88D2E006C8103 /* EnumsData.swift in Sources */,
				F65E16C41AC441B80058D4A9 /* ExerciseListController.swift in Sources */,
				F6DE2A891AA88ED1006C8103 /* AlertView.swift in Sources */,
				F65E17001AC46A5A0058D4A9 /* TrainingItem.swift in Sources */,
				F6D6595F1ACACA6D0041FD09 /* ExerciseController.swift in Sources */,
				F63576BF1A9F234700B71A0A /* NavigationController.swift in Sources */,
				F646637C1AA0818400837D8C /* ScreenManager.swift in Sources */,
				F63F06241AC4752700A14266 /* DataContainer.swift in Sources */,
				F6DCD0871AC99A6F00E94E96 /* ExerciseTitleCell.swift in Sources */,
				F63F06261AC4753600A14266 /* ConfigDataProvider.swift in Sources */,
				F65E17021AC46AAD0058D4A9 /* ExerciseItem.swift in Sources */,
				F67C63381ACAEBD5006873BF /* BaseContextView.swift in Sources */,
				F64729641AC1CB0E00383D63 /* ContextMenuView.swift in Sources */,
				F64729511AC16EE500383D63 /* JASidePanelController.m in Sources */,
				F65E16FE1AC46A390058D4A9 /* TrainingGroupItem.swift in Sources */,
				F6D659631ACACAED0041FD09 /* SetsCell.swift in Sources */,
				F6FCDE0D1AC06FAD006FF632 /* TrainingListController.swift in Sources */,
				F6DE2A911AA9C048006C8103 /* BaseViewController.swift in Sources */,
				F6DCD0851AC98B3100E94E96 /* ExerciseTitle.swift in Sources */,
				F64729661AC2CD2300383D63 /* AlertSelectDateView.swift in Sources */,
				F64729561AC175CE00383D63 /* NavigationPanelController.swift in Sources */,
				F65E17041AC46ACC0058D4A9 /* SetsItem.swift in Sources */,
				F63576BD1A9F234700B71A0A /* AppDelegate.swift in Sources */,
				F64729521AC16EE500383D63 /* UIViewController+JASidePanel.m in Sources */,
				F6DE2A871AA88E7E006C8103 /* Utils.swift in Sources */,
				F64729591AC1B73000383D63 /* TrainingListCell.swift in Sources */,
				F6DCD0831AC987C300E94E96 /* BaseItem.swift in Sources */,
				F64729541AC174E300383D63 /* SettingController.swift in Sources */,
				F65E16F81AC448240058D4A9 /* iTraining.xcdatamodeld in Sources */,
				F6DE2A8D1AA8C1D9006C8103 /* MainViewController.swift in Sources */,
				F6D659611ACACA970041FD09 /* SetsController.swift in Sources */,
				F67C633A1ACAFE91006873BF /* AlertSelectBreakTime.swift in Sources */,
				F631FFF41ACC399A0099F051 /* AlertSetsView.swift in Sources */,
				F65E16BF1AC41ED90058D4A9 /* TrainingGroupCell.swift in Sources */,
			);
			runOnlyForDeploymentPostprocessing = 0;
		};
		F63576C81A9F234800B71A0A /* Sources */ = {
			isa = PBXSourcesBuildPhase;
			buildActionMask = 2147483647;
			files = (
				F63576D31A9F234800B71A0A /* iTrainingTests.swift in Sources */,
			);
			runOnlyForDeploymentPostprocessing = 0;
		};
/* End PBXSourcesBuildPhase section */

/* Begin PBXTargetDependency section */
		F63576CE1A9F234800B71A0A /* PBXTargetDependency */ = {
			isa = PBXTargetDependency;
			target = F63576B61A9F234700B71A0A /* iTraining */;
			targetProxy = F63576CD1A9F234800B71A0A /* PBXContainerItemProxy */;
		};
/* End PBXTargetDependency section */

/* Begin PBXVariantGroup section */
		F63576C01A9F234700B71A0A /* Main.storyboard */ = {
			isa = PBXVariantGroup;
			children = (
				F63576C11A9F234700B71A0A /* Base */,
			);
			name = Main.storyboard;
			sourceTree = "<group>";
		};
		F63576C51A9F234700B71A0A /* LaunchScreen.xib */ = {
			isa = PBXVariantGroup;
			children = (
				F63576C61A9F234700B71A0A /* Base */,
			);
			name = LaunchScreen.xib;
			sourceTree = "<group>";
		};
/* End PBXVariantGroup section */

/* Begin XCBuildConfiguration section */
		F63576D41A9F234800B71A0A /* Debug */ = {
			isa = XCBuildConfiguration;
			buildSettings = {
				ALWAYS_SEARCH_USER_PATHS = NO;
				CLANG_ANALYZER_LOCALIZABILITY_NONLOCALIZED = YES;
				CLANG_CXX_LANGUAGE_STANDARD = "gnu++0x";
				CLANG_CXX_LIBRARY = "libc++";
				CLANG_ENABLE_MODULES = YES;
				CLANG_ENABLE_OBJC_ARC = YES;
				CLANG_WARN_BLOCK_CAPTURE_AUTORELEASING = YES;
				CLANG_WARN_BOOL_CONVERSION = YES;
				CLANG_WARN_COMMA = YES;
				CLANG_WARN_CONSTANT_CONVERSION = YES;
				CLANG_WARN_DEPRECATED_OBJC_IMPLEMENTATIONS = YES;
				CLANG_WARN_DIRECT_OBJC_ISA_USAGE = YES_ERROR;
				CLANG_WARN_EMPTY_BODY = YES;
				CLANG_WARN_ENUM_CONVERSION = YES;
				CLANG_WARN_INFINITE_RECURSION = YES;
				CLANG_WARN_INT_CONVERSION = YES;
				CLANG_WARN_NON_LITERAL_NULL_CONVERSION = YES;
				CLANG_WARN_OBJC_IMPLICIT_RETAIN_SELF = YES;
				CLANG_WARN_OBJC_LITERAL_CONVERSION = YES;
				CLANG_WARN_OBJC_ROOT_CLASS = YES_ERROR;
				CLANG_WARN_QUOTED_INCLUDE_IN_FRAMEWORK_HEADER = YES;
				CLANG_WARN_RANGE_LOOP_ANALYSIS = YES;
				CLANG_WARN_STRICT_PROTOTYPES = YES;
				CLANG_WARN_SUSPICIOUS_MOVE = YES;
				CLANG_WARN_UNREACHABLE_CODE = YES;
				CLANG_WARN__DUPLICATE_METHOD_MATCH = YES;
				"CODE_SIGN_IDENTITY[sdk=iphoneos*]" = "iPhone Developer";
				COPY_PHASE_STRIP = NO;
				ENABLE_STRICT_OBJC_MSGSEND = YES;
				ENABLE_TESTABILITY = YES;
				GCC_C_LANGUAGE_STANDARD = gnu99;
				GCC_DYNAMIC_NO_PIC = NO;
				GCC_NO_COMMON_BLOCKS = YES;
				GCC_OPTIMIZATION_LEVEL = 0;
				GCC_PREPROCESSOR_DEFINITIONS = (
					"DEBUG=1",
					"$(inherited)",
				);
				GCC_SYMBOLS_PRIVATE_EXTERN = NO;
				GCC_WARN_64_TO_32_BIT_CONVERSION = YES;
				GCC_WARN_ABOUT_RETURN_TYPE = YES_ERROR;
				GCC_WARN_UNDECLARED_SELECTOR = YES;
				GCC_WARN_UNINITIALIZED_AUTOS = YES_AGGRESSIVE;
				GCC_WARN_UNUSED_FUNCTION = YES;
				GCC_WARN_UNUSED_VARIABLE = YES;
				IPHONEOS_DEPLOYMENT_TARGET = 12.0;
				MTL_ENABLE_DEBUG_INFO = YES;
				ONLY_ACTIVE_ARCH = YES;
				SDKROOT = iphoneos;
				SWIFT_OPTIMIZATION_LEVEL = "-Onone";
			};
			name = Debug;
		};
		F63576D51A9F234800B71A0A /* Release */ = {
			isa = XCBuildConfiguration;
			buildSettings = {
				ALWAYS_SEARCH_USER_PATHS = NO;
				CLANG_ANALYZER_LOCALIZABILITY_NONLOCALIZED = YES;
				CLANG_CXX_LANGUAGE_STANDARD = "gnu++0x";
				CLANG_CXX_LIBRARY = "libc++";
				CLANG_ENABLE_MODULES = YES;
				CLANG_ENABLE_OBJC_ARC = YES;
				CLANG_WARN_BLOCK_CAPTURE_AUTORELEASING = YES;
				CLANG_WARN_BOOL_CONVERSION = YES;
				CLANG_WARN_COMMA = YES;
				CLANG_WARN_CONSTANT_CONVERSION = YES;
				CLANG_WARN_DEPRECATED_OBJC_IMPLEMENTATIONS = YES;
				CLANG_WARN_DIRECT_OBJC_ISA_USAGE = YES_ERROR;
				CLANG_WARN_EMPTY_BODY = YES;
				CLANG_WARN_ENUM_CONVERSION = YES;
				CLANG_WARN_INFINITE_RECURSION = YES;
				CLANG_WARN_INT_CONVERSION = YES;
				CLANG_WARN_NON_LITERAL_NULL_CONVERSION = YES;
				CLANG_WARN_OBJC_IMPLICIT_RETAIN_SELF = YES;
				CLANG_WARN_OBJC_LITERAL_CONVERSION = YES;
				CLANG_WARN_OBJC_ROOT_CLASS = YES_ERROR;
				CLANG_WARN_QUOTED_INCLUDE_IN_FRAMEWORK_HEADER = YES;
				CLANG_WARN_RANGE_LOOP_ANALYSIS = YES;
				CLANG_WARN_STRICT_PROTOTYPES = YES;
				CLANG_WARN_SUSPICIOUS_MOVE = YES;
				CLANG_WARN_UNREACHABLE_CODE = YES;
				CLANG_WARN__DUPLICATE_METHOD_MATCH = YES;
				"CODE_SIGN_IDENTITY[sdk=iphoneos*]" = "iPhone Developer";
				COPY_PHASE_STRIP = YES;
				ENABLE_NS_ASSERTIONS = NO;
				ENABLE_STRICT_OBJC_MSGSEND = YES;
				GCC_C_LANGUAGE_STANDARD = gnu99;
				GCC_NO_COMMON_BLOCKS = YES;
				GCC_WARN_64_TO_32_BIT_CONVERSION = YES;
				GCC_WARN_ABOUT_RETURN_TYPE = YES_ERROR;
				GCC_WARN_UNDECLARED_SELECTOR = YES;
				GCC_WARN_UNINITIALIZED_AUTOS = YES_AGGRESSIVE;
				GCC_WARN_UNUSED_FUNCTION = YES;
				GCC_WARN_UNUSED_VARIABLE = YES;
				IPHONEOS_DEPLOYMENT_TARGET = 12.0;
				MTL_ENABLE_DEBUG_INFO = NO;
				SDKROOT = iphoneos;
				SWIFT_COMPILATION_MODE = wholemodule;
				VALIDATE_PRODUCT = YES;
			};
			name = Release;
		};
		F63576D71A9F234800B71A0A /* Debug */ = {
			isa = XCBuildConfiguration;
			buildSettings = {
				ALWAYS_SEARCH_USER_PATHS = NO;
				ASSETCATALOG_COMPILER_APPICON_NAME = AppIcon;
				CLANG_ENABLE_MODULES = YES;
				CODE_SIGN_IDENTITY = "Apple Development";
				CODE_SIGN_STYLE = Automatic;
				DEVELOPMENT_TEAM = G55R78L3UN;
				FRAMEWORK_SEARCH_PATHS = (
					"$(inherited)",
					"$(PROJECT_DIR)",
					"$(PROJECT_DIR)/iTraining",
				);
				INFOPLIST_FILE = iTraining/Info.plist;
				IPHONEOS_DEPLOYMENT_TARGET = 16.1;
				LD_RUNPATH_SEARCH_PATHS = "$(inherited) @executable_path/Frameworks";
				ONLY_ACTIVE_ARCH = YES;
				PRODUCT_BUNDLE_IDENTIFIER = com.ak.iTraining;
				PRODUCT_NAME = "$(TARGET_NAME)";
				PROVISIONING_PROFILE = "";
				PROVISIONING_PROFILE_SPECIFIER = "";
				SWIFT_OBJC_BRIDGING_HEADER = "iTraining/iTraining-Bridging-Header.h";
				SWIFT_OPTIMIZATION_LEVEL = "-Onone";
				SWIFT_VERSION = 5.0;
			};
			name = Debug;
		};
		F63576D81A9F234800B71A0A /* Release */ = {
			isa = XCBuildConfiguration;
			buildSettings = {
				ALWAYS_SEARCH_USER_PATHS = NO;
				ASSETCATALOG_COMPILER_APPICON_NAME = AppIcon;
				CLANG_ENABLE_MODULES = YES;
				CODE_SIGN_IDENTITY = "Apple Development";
				CODE_SIGN_STYLE = Automatic;
				DEVELOPMENT_TEAM = G55R78L3UN;
				FRAMEWORK_SEARCH_PATHS = (
					"$(inherited)",
					"$(PROJECT_DIR)",
					"$(PROJECT_DIR)/iTraining",
				);
				INFOPLIST_FILE = iTraining/Info.plist;
				IPHONEOS_DEPLOYMENT_TARGET = 16.1;
				LD_RUNPATH_SEARCH_PATHS = "$(inherited) @executable_path/Frameworks";
				ONLY_ACTIVE_ARCH = NO;
				PRODUCT_BUNDLE_IDENTIFIER = com.ak.iTraining;
				PRODUCT_NAME = "$(TARGET_NAME)";
				PROVISIONING_PROFILE = "";
				PROVISIONING_PROFILE_SPECIFIER = "";
				SWIFT_OBJC_BRIDGING_HEADER = "iTraining/iTraining-Bridging-Header.h";
				SWIFT_VERSION = 5.0;
			};
			name = Release;
		};
		F63576DA1A9F234800B71A0A /* Debug */ = {
			isa = XCBuildConfiguration;
			buildSettings = {
				ALWAYS_SEARCH_USER_PATHS = NO;
				BUNDLE_LOADER = "$(TEST_HOST)";
				FRAMEWORK_SEARCH_PATHS = "$(inherited)";
				GCC_PREPROCESSOR_DEFINITIONS = (
					"DEBUG=1",
					"$(inherited)",
				);
				INFOPLIST_FILE = iTrainingTests/Info.plist;
				LD_RUNPATH_SEARCH_PATHS = "$(inherited) @executable_path/Frameworks @loader_path/Frameworks";
				PRODUCT_BUNDLE_IDENTIFIER = "com.mwdn.$(PRODUCT_NAME:rfc1034identifier)";
				PRODUCT_NAME = "$(TARGET_NAME)";
				SWIFT_VERSION = 3.0;
				TEST_HOST = "$(BUILT_PRODUCTS_DIR)/iTraining.app/iTraining";
			};
			name = Debug;
		};
		F63576DB1A9F234800B71A0A /* Release */ = {
			isa = XCBuildConfiguration;
			buildSettings = {
				ALWAYS_SEARCH_USER_PATHS = NO;
				BUNDLE_LOADER = "$(TEST_HOST)";
				FRAMEWORK_SEARCH_PATHS = "$(inherited)";
				INFOPLIST_FILE = iTrainingTests/Info.plist;
				LD_RUNPATH_SEARCH_PATHS = "$(inherited) @executable_path/Frameworks @loader_path/Frameworks";
				PRODUCT_BUNDLE_IDENTIFIER = "com.mwdn.$(PRODUCT_NAME:rfc1034identifier)";
				PRODUCT_NAME = "$(TARGET_NAME)";
				SWIFT_VERSION = 3.0;
				TEST_HOST = "$(BUILT_PRODUCTS_DIR)/iTraining.app/iTraining";
			};
			name = Release;
		};
/* End XCBuildConfiguration section */

/* Begin XCConfigurationList section */
		F63576B21A9F234700B71A0A /* Build configuration list for PBXProject "iTraining" */ = {
			isa = XCConfigurationList;
			buildConfigurations = (
				F63576D41A9F234800B71A0A /* Debug */,
				F63576D51A9F234800B71A0A /* Release */,
			);
			defaultConfigurationIsVisible = 0;
			defaultConfigurationName = Release;
		};
		F63576D61A9F234800B71A0A /* Build configuration list for PBXNativeTarget "iTraining" */ = {
			isa = XCConfigurationList;
			buildConfigurations = (
				F63576D71A9F234800B71A0A /* Debug */,
				F63576D81A9F234800B71A0A /* Release */,
			);
			defaultConfigurationIsVisible = 0;
			defaultConfigurationName = Release;
		};
		F63576D91A9F234800B71A0A /* Build configuration list for PBXNativeTarget "iTrainingTests" */ = {
			isa = XCConfigurationList;
			buildConfigurations = (
				F63576DA1A9F234800B71A0A /* Debug */,
				F63576DB1A9F234800B71A0A /* Release */,
			);
			defaultConfigurationIsVisible = 0;
			defaultConfigurationName = Release;
		};
/* End XCConfigurationList section */

/* Begin XCVersionGroup section */
		F65E16F61AC448240058D4A9 /* iTraining.xcdatamodeld */ = {
			isa = XCVersionGroup;
			children = (
				F65E16F71AC448240058D4A9 /* iTraining.xcdatamodel */,
			);
			currentVersion = F65E16F71AC448240058D4A9 /* iTraining.xcdatamodel */;
			path = iTraining.xcdatamodeld;
			sourceTree = "<group>";
			versionGroupType = wrapper.xcdatamodel;
		};
/* End XCVersionGroup section */
	};
	rootObject = F63576AF1A9F234700B71A0A /* Project object */;
}
